
Microsoft Visual Studio Solution File, Format Version 12.00
# Visual Studio Version 17
VisualStudioVersion = 17.5.002.0
MinimumVisualStudioVersion = 10.0.40219.1
Project("{2150E333-8FDC-42A3-9474-1A3956D46DE8}") = "src", "src", "{BBB38047-EF21-4961-A8C1-9CD25D5E1795}"
EndProject
Project("{9A19103F-16F7-4668-BE54-9A1E7A4F7556}") = "Penyland", "src\Penyland\Penyland.csproj", "{64F0E107-8AC6-42E2-9B0B-5BDC108CD6D8}"
EndProject
Global
	GlobalSection(SolutionConfigurationPlatforms) = preSolution
		Debug|Any CPU = Debug|Any CPU
		Release|Any CPU = Release|Any CPU
	EndGlobalSection
	GlobalSection(ProjectConfigurationPlatforms) = postSolution
		{64F0E107-8AC6-42E2-9B0B-5BDC108CD6D8}.Debug|Any CPU.ActiveCfg = Debug|Any CPU
		{64F0E107-8AC6-42E2-9B0B-5BDC108CD6D8}.Debug|Any CPU.Build.0 = Debug|Any CPU
		{64F0E107-8AC6-42E2-9B0B-5BDC108CD6D8}.Release|Any CPU.ActiveCfg = Release|Any CPU
		{64F0E107-8AC6-42E2-9B0B-5BDC108CD6D8}.Release|Any CPU.Build.0 = Release|Any CPU
	EndGlobalSection
	GlobalSection(SolutionProperties) = preSolution
		HideSolutionNode = FALSE
	EndGlobalSection
	GlobalSection(NestedProjects) = preSolution
		{64F0E107-8AC6-42E2-9B0B-5BDC108CD6D8} = {BBB38047-EF21-4961-A8C1-9CD25D5E1795}
	EndGlobalSection
	GlobalSection(ExtensibilityGlobals) = postSolution
		SolutionGuid = {AD892A1E-A935-414A-ACB7-E2342CA378E7}
	EndGlobalSection
EndGlobal
